
Microsoft Visual Studio Solution File, Format Version 12.00
# Visual Studio Version 17
VisualStudioVersion = 17.10.35013.160
MinimumVisualStudioVersion = 10.0.40219.1
Project("{FAE04EC0-301F-11D3-BF4B-00C04F79EFBC}") = "Mission5", "Mission5\Mission5.csproj", "{A2F1D025-6DED-477B-B514-4403FCEACE82}"
EndProject
Global
	GlobalSection(SolutionConfigurationPlatforms) = preSolution
		Debug|Any CPU = Debug|Any CPU
		Release|Any CPU = Release|Any CPU
	EndGlobalSection
	GlobalSection(ProjectConfigurationPlatforms) = postSolution
		{A2F1D025-6DED-477B-B514-4403FCEACE82}.Debug|Any CPU.ActiveCfg = Debug|Any CPU
		{A2F1D025-6DED-477B-B514-4403FCEACE82}.Debug|Any CPU.Build.0 = Debug|Any CPU
		{A2F1D025-6DED-477B-B514-4403FCEACE82}.Release|Any CPU.ActiveCfg = Release|Any CPU
		{A2F1D025-6DED-477B-B514-4403FCEACE82}.Release|Any CPU.Build.0 = Release|Any CPU
	EndGlobalSection
	GlobalSection(SolutionProperties) = preSolution
		HideSolutionNode = FALSE
	EndGlobalSection
	GlobalSection(ExtensibilityGlobals) = postSolution
		SolutionGuid = {47AE6FC7-4933-47AF-AA0A-E62E20C22D3C}
	EndGlobalSection
EndGlobal
